schema: '2.0'
stages:
  load@delhi:
    cmd: python scripts/pipeline/load.py --state delhi
    deps:
    - path: data/raw/cases/cases_2010.csv
      hash: md5
      md5: 148793a8917511edf6cb874c1aa2aadd
      size: 856992005
      isexec: true
    - path: data/raw/cases/cases_2011.csv
      hash: md5
      md5: 2225e0265068ae7363052e8f6e70d034
      size: 1043869803
      isexec: true
    - path: data/raw/cases/cases_2012.csv
      hash: md5
      md5: 086a940e47c084786b32e09ffba83068
      size: 1282984974
      isexec: true
    - path: data/raw/cases/cases_2013.csv
      hash: md5
      md5: b410fd52559ff0deeb0199bf7b65c572
      size: 1514325283
      isexec: true
    - path: scripts/pipeline/common.py
      hash: md5
      md5: ffea6a5893ec2c972dfa8b6e54053426
      size: 1372
    - path: scripts/pipeline/load.py
      hash: md5
      md5: 75d28229e72f6e6710ea6cc58b0b7f3f
      size: 598
    params:
      config/states.yaml:
        states.delhi:
          code: '26'
          keep_pending: false
          normalize: false
        years:
        - 2010
        - 2011
        - 2012
        - 2013
    outs:
    - path: data/raw/cases/cases_2010_delhi.csv
      hash: md5
      md5: 3a7464dbba6c0aa92c8b924e46192b1c
      size: 17160533
    - path: data/raw/cases/cases_2011_delhi.csv
      hash: md5
      md5: 0af9d192c1cf3299dc1661615d748704
      size: 18874597
    - path: data/raw/cases/cases_2012_delhi.csv
      hash: md5
      md5: 1697f321739a82b18f0911b60393b936
      size: 20714637
    - path: data/raw/cases/cases_2013_delhi.csv
      hash: md5
      md5: 03ad81056e204cc2d1d48fb7f97c8086
      size: 26636803
  load@odisha:
    cmd: python scripts/pipeline/load.py --state odisha
    deps:
    - path: data/raw/cases/cases_2010.csv
      hash: md5
      md5: 148793a8917511edf6cb874c1aa2aadd
      size: 856992005
      isexec: true
    - path: data/raw/cases/cases_2011.csv
      hash: md5
      md5: 2225e0265068ae7363052e8f6e70d034
      size: 1043869803
      isexec: true
    - path: data/raw/cases/cases_2012.csv
      hash: md5
      md5: 086a940e47c084786b32e09ffba83068
      size: 1282984974
      isexec: true
    - path: data/raw/cases/cases_2013.csv
      hash: md5
      md5: b410fd52559ff0deeb0199bf7b65c572
      size: 1514325283
      isexec: true
    - path: scripts/pipeline/common.py
      hash: md5
      md5: ffea6a5893ec2c972dfa8b6e54053426
      size: 1372
    - path: scripts/pipeline/load.py
      hash: md5
      md5: 75d28229e72f6e6710ea6cc58b0b7f3f
      size: 598
    params:
      config/states.yaml:
        states.odisha:
          code: '11'
          slug: orissa
          keep_pending: true
          normalize: true
          top_case_types: 100
          cutoff: '2019-02-28'
        years:
        - 2010
        - 2011
        - 2012
        - 2013
    outs:
    - path: data/raw/cases/cases_2010_orissa.csv
      hash: md5
      md5: 37408da018d59e40db0f44e039b287ab
      size: 14598617
    - path: data/raw/cases/cases_2011_orissa.csv
      hash: md5
      md5: 04016e6caa1adc1473fa75282d87cc2d
      size: 17856312
    - path: data/raw/cases/cases_2012_orissa.csv
      hash: md5
      md5: da2dca8217d37f483cc5bc8545fde835
      size: 22003314
    - path: data/raw/cases/cases_2013_orissa.csv
      hash: md5
      md5: 924efe7039e6e3c3bfe28ae7efa2e387
      size: 27714199
  features@delhi:
    cmd: python scripts/pipeline/features.py --state delhi
    deps:
    - path: data/raw/cases/cases_2010_delhi.csv
      hash: md5
      md5: 3a7464dbba6c0aa92c8b924e46192b1c
      size: 17160533
    - path: data/raw/cases/cases_2011_delhi.csv
      hash: md5
      md5: 0af9d192c1cf3299dc1661615d748704
      size: 18874597
    - path: data/raw/cases/cases_2012_delhi.csv
      hash: md5
      md5: 1697f321739a82b18f0911b60393b936
      size: 20714637
    - path: data/raw/cases/cases_2013_delhi.csv
      hash: md5
      md5: 03ad81056e204cc2d1d48fb7f97c8086
      size: 26636803
    - path: data/raw/keys/cases_court_key.csv
      hash: md5
      md5: ed43671e6b397c52670a7ccd3b376f39
      size: 4607163
      isexec: true
    - path: data/raw/keys/cases_district_key.csv
      hash: md5
      md5: f5d80133f98bd4ce1bbd34a805552f56
      size: 46062
      isexec: true
    - path: data/raw/keys/disp_name_key.csv
      hash: md5
      md5: 78787dd1c567f64feac58b8b8f0932d4
      size: 12324
      isexec: true
    - path: data/raw/keys/purpose_name_key.csv
      hash: md5
      md5: f48d795793f5e81b14ea2c352d2e16ff
      size: 2715640
      isexec: true
    - path: data/raw/keys/type_name_key.csv
      hash: md5
      md5: 78717289679632599f85f1c91705edcf
      size: 1862573
      isexec: true
    - path: scripts/pipeline/common.py
      hash: md5
      md5: ffea6a5893ec2c972dfa8b6e54053426
      size: 1372
    - path: scripts/pipeline/features.py
      hash: md5
      md5: 9b4dc1f31f8ff4a6930567791a05d270
      size: 4761
    params:
      config/states.yaml:
        states.delhi:
          code: '26'
          keep_pending: false
          normalize: false
        years:
        - 2010
        - 2011
        - 2012
        - 2013
    outs:
    - path: data/processed/cases_2010_2013_delhi_features.csv
      hash: md5
      md5: e3f7bb7bf07b61be424f2303b6447c6a
      size: 129154653
  features@odisha:
    cmd: python scripts/pipeline/features.py --state odisha
    deps:
    - path: data/raw/cases/cases_2010_orissa.csv
      hash: md5
      md5: 37408da018d59e40db0f44e039b287ab
      size: 14598617
    - path: data/raw/cases/cases_2011_orissa.csv
      hash: md5
      md5: 04016e6caa1adc1473fa75282d87cc2d
      size: 17856312
    - path: data/raw/cases/cases_2012_orissa.csv
      hash: md5
      md5: da2dca8217d37f483cc5bc8545fde835
      size: 22003314
    - path: data/raw/cases/cases_2013_orissa.csv
      hash: md5
      md5: 924efe7039e6e3c3bfe28ae7efa2e387
      size: 27714199
    - path: data/raw/keys/cases_court_key.csv
      hash: md5
      md5: ed43671e6b397c52670a7ccd3b376f39
      size: 4607163
      isexec: true
    - path: data/raw/keys/cases_district_key.csv
      hash: md5
      md5: f5d80133f98bd4ce1bbd34a805552f56
      size: 46062
      isexec: true
    - path: data/raw/keys/disp_name_key.csv
      hash: md5
      md5: 78787dd1c567f64feac58b8b8f0932d4
      size: 12324
      isexec: true
    - path: data/raw/keys/purpose_name_key.csv
      hash: md5
      md5: f48d795793f5e81b14ea2c352d2e16ff
      size: 2715640
      isexec: true
    - path: data/raw/keys/type_name_key.csv
      hash: md5
      md5: 78717289679632599f85f1c91705edcf
      size: 1862573
      isexec: true
    - path: scripts/pipeline/common.py
      hash: md5
      md5: ffea6a5893ec2c972dfa8b6e54053426
      size: 1372
    - path: scripts/pipeline/features.py
      hash: md5
      md5: 9b4dc1f31f8ff4a6930567791a05d270
      size: 4761
    params:
      config/states.yaml:
        states.odisha:
          code: '11'
          slug: orissa
          keep_pending: true
          normalize: true
          top_case_types: 100
          cutoff: '2019-02-28'
        years:
        - 2010
        - 2011
        - 2012
        - 2013
    outs:
    - path: data/processed/cases_2010_2013_orissa_survival_features.csv.gz
      hash: md5
      md5: 759edc9aab38de319f74e920ad808829
      size: 12052018
  normalize@odisha:
    cmd: python scripts/pipeline/normalize.py --state odisha
    deps:
    - path: data/processed/cases_2010_2013_orissa_survival_features.csv.gz
      hash: md5
      md5: 759edc9aab38de319f74e920ad808829
      size: 12052018
    - path: scripts/pipeline/common.py
      hash: md5
      md5: ffea6a5893ec2c972dfa8b6e54053426
      size: 1372
    - path: scripts/pipeline/normalize.py
      hash: md5
      md5: cf923c726531004af937d6eb4444fa95
      size: 3363
    params:
      config/states.yaml:
        states.odisha:
          code: '11'
          slug: orissa
          keep_pending: true
          normalize: true
          top_case_types: 100
          cutoff: '2019-02-28'
    outs:
    - path: data/processed/cases_2010_2013_orissa_survival_normalized.csv.gz
      hash: md5
      md5: 062e68f41e56b510e3e17ef77a0c6f38
      size: 12218017
  load@bihar:
    cmd: python scripts/pipeline/load.py --state bihar
    deps:
    - path: data/raw/cases/cases_2010.csv
      hash: md5
      md5: 148793a8917511edf6cb874c1aa2aadd
      size: 856992005
      isexec: true
    - path: data/raw/cases/cases_2011.csv
      hash: md5
      md5: 2225e0265068ae7363052e8f6e70d034
      size: 1043869803
      isexec: true
    - path: data/raw/cases/cases_2012.csv
      hash: md5
      md5: 086a940e47c084786b32e09ffba83068
      size: 1282984974
      isexec: true
    - path: data/raw/cases/cases_2013.csv
      hash: md5
      md5: b410fd52559ff0deeb0199bf7b65c572
      size: 1514325283
      isexec: true
    - path: scripts/pipeline/common.py
      hash: md5
      md5: ffea6a5893ec2c972dfa8b6e54053426
      size: 1372
    - path: scripts/pipeline/load.py
      hash: md5
      md5: 75d28229e72f6e6710ea6cc58b0b7f3f
      size: 598
    params:
      config/states.yaml:
        states.bihar:
          code: '08'
          keep_pending: true
          normalize: true
          top_case_types: 100
          tier_ruleset: bihar
          cutoff: '2019-05-31'
        years:
        - 2010
        - 2011
        - 2012
        - 2013
    outs:
    - path: data/raw/cases/cases_2010_bihar.csv
      hash: md5
      md5: c8a73235a4ce78c52096c27ce56b3f65
      size: 23799680
    - path: data/raw/cases/cases_2011_bihar.csv
      hash: md5
      md5: d7b73d8d47a74b4ebd2d147fda9d4c64
      size: 29395274
    - path: data/raw/cases/cases_2012_bihar.csv
      hash: md5
      md5: 9dc14f94f1bb04521d9f9e33dbb5a18e
      size: 37124044
    - path: data/raw/cases/cases_2013_bihar.csv
      hash: md5
      md5: 8da7be0f562b3cd91023c3edc3c8834d
      size: 49070610
  features@bihar:
    cmd: python scripts/pipeline/features.py --state bihar
    deps:
    - path: data/raw/cases/cases_2010_bihar.csv
      hash: md5
      md5: c8a73235a4ce78c52096c27ce56b3f65
      size: 23799680
    - path: data/raw/cases/cases_2011_bihar.csv
      hash: md5
      md5: d7b73d8d47a74b4ebd2d147fda9d4c64
      size: 29395274
    - path: data/raw/cases/cases_2012_bihar.csv
      hash: md5
      md5: 9dc14f94f1bb04521d9f9e33dbb5a18e
      size: 37124044
    - path: data/raw/cases/cases_2013_bihar.csv
      hash: md5
      md5: 8da7be0f562b3cd91023c3edc3c8834d
      size: 49070610
    - path: data/raw/keys/cases_court_key.csv
      hash: md5
      md5: ed43671e6b397c52670a7ccd3b376f39
      size: 4607163
      isexec: true
    - path: data/raw/keys/cases_district_key.csv
      hash: md5
      md5: f5d80133f98bd4ce1bbd34a805552f56
      size: 46062
      isexec: true
    - path: data/raw/keys/disp_name_key.csv
      hash: md5
      md5: 78787dd1c567f64feac58b8b8f0932d4
      size: 12324
      isexec: true
    - path: data/raw/keys/purpose_name_key.csv
      hash: md5
      md5: f48d795793f5e81b14ea2c352d2e16ff
      size: 2715640
      isexec: true
    - path: data/raw/keys/type_name_key.csv
      hash: md5
      md5: 78717289679632599f85f1c91705edcf
      size: 1862573
      isexec: true
    - path: scripts/pipeline/common.py
      hash: md5
      md5: ffea6a5893ec2c972dfa8b6e54053426
      size: 1372
    - path: scripts/pipeline/features.py
      hash: md5
      md5: 9b4dc1f31f8ff4a6930567791a05d270
      size: 4761
    params:
      config/states.yaml:
        states.bihar:
          code: '08'
          keep_pending: true
          normalize: true
          top_case_types: 100
          tier_ruleset: bihar
          cutoff: '2019-05-31'
        years:
        - 2010
        - 2011
        - 2012
        - 2013
    outs:
    - path: data/processed/cases_2010_2013_bihar_survival_features.csv.gz
      hash: md5
      md5: 98eeb1c94221de8c970d93737a024dd1
      size: 20905961
  normalize@bihar:
    cmd: python scripts/pipeline/normalize.py --state bihar
    deps:
    - path: data/processed/cases_2010_2013_bihar_survival_features.csv.gz
      hash: md5
      md5: 98eeb1c94221de8c970d93737a024dd1
      size: 20905961
    - path: scripts/pipeline/common.py
      hash: md5
      md5: ffea6a5893ec2c972dfa8b6e54053426
      size: 1372
    - path: scripts/pipeline/normalize.py
      hash: md5
      md5: cf923c726531004af937d6eb4444fa95
      size: 3363
    params:
      config/states.yaml:
        states.bihar:
          code: '08'
          keep_pending: true
          normalize: true
          top_case_types: 100
          tier_ruleset: bihar
          cutoff: '2019-05-31'
    outs:
    - path: data/processed/cases_2010_2013_bihar_survival_normalized.csv.gz
      hash: md5
      md5: dd53c72794f3b2febbbd3d4660ccfed6
      size: 21227132
  train_odisha:
    cmd: python scripts/train_survival.py --state odisha
    deps:
    - path: data/processed/cases_2010_2013_orissa_survival_normalized.csv.gz
      hash: md5
      md5: 062e68f41e56b510e3e17ef77a0c6f38
      size: 12218017
    - path: scripts/pipeline/common.py
      hash: md5
      md5: ffea6a5893ec2c972dfa8b6e54053426
      size: 1372
    - path: scripts/train_survival.py
      hash: md5
      md5: f6b60ca2dde2ec130fbfab0bdfda4979
      size: 4671
    params:
      config/states.yaml:
        states.odisha:
          code: '11'
          slug: orissa
          keep_pending: true
          normalize: true
          top_case_types: 100
          cutoff: '2019-02-28'
    outs:
    - path: models/orissa_aft_2019-02-28.json
      hash: md5
      md5: 8f42de5611cdbdb9b5b90dccd15f5629
      size: 7939373
    - path: models/orissa_aft_feature_columns.json
      hash: md5
      md5: 67ea02d4af6d21c231af8ebe14da9a86
      size: 4906
    - path: reports/orissa_survival_fairness_2019-02-28.csv
      hash: md5
      md5: 3da71012db1fb9693f5d328a82537ebd
      size: 2126
  train_bihar:
    cmd: python scripts/train_survival.py --state bihar
    deps:
    - path: data/processed/cases_2010_2013_bihar_survival_normalized.csv.gz
      hash: md5
      md5: dd53c72794f3b2febbbd3d4660ccfed6
      size: 21227132
    - path: scripts/pipeline/common.py
      hash: md5
      md5: ffea6a5893ec2c972dfa8b6e54053426
      size: 1372
    - path: scripts/train_survival.py
      hash: md5
      md5: f6b60ca2dde2ec130fbfab0bdfda4979
      size: 4671
    params:
      config/states.yaml:
        states.bihar.cutoff: '2019-05-31'
    outs:
    - path: models/bihar_aft_2019-05-31.json
      hash: md5
      md5: ffe7dacb61c7abdcd95c624c58f52ed8
      size: 7307862
    - path: models/bihar_aft_feature_columns.json
      hash: md5
      md5: a7c7cfb004e2a40ec9bdd09758c570f1
      size: 5614
    - path: reports/bihar_survival_fairness_2019-05-31.csv
      hash: md5
      md5: 90f46287c9c17a62c0e7cde71f5cc7c8
      size: 2770
